// !$*UTF8*$!
{
	archiveVersion = 1;
	classes = {
	};
	objectVersion = 77;
	objects = {

/* Begin PBXBuildFile section */
		646730582E49F13600C57573 /* AppDelegate.swift in Sources */ = {isa = PBXBuildFile; fileRef = 6467304E2E49F13600C57573 /* AppDelegate.swift */; };
		646730592E49F13600C57573 /* SceneDelegate.swift in Sources */ = {isa = PBXBuildFile; fileRef = 646730552E49F13600C57573 /* SceneDelegate.swift */; };
		6467305A2E49F13600C57573 /* ViewController.swift in Sources */ = {isa = PBXBuildFile; fileRef = 646730562E49F13600C57573 /* ViewController.swift */; };
		6467305B2E49F13600C57573 /* Assets.xcassets in Resources */ = {isa = PBXBuildFile; fileRef = 6467304F2E49F13600C57573 /* Assets.xcassets */; };
		6467305D2E49F13600C57573 /* LaunchScreen.storyboard in Resources */ = {isa = PBXBuildFile; fileRef = 646730522E49F13600C57573 /* LaunchScreen.storyboard */; };
		6467305E2E49F13600C57573 /* Main.storyboard in Resources */ = {isa = PBXBuildFile; fileRef = 646730542E49F13600C57573 /* Main.storyboard */; };
		646730632E49F39100C57573 /* Extensions.swift in Sources */ = {isa = PBXBuildFile; fileRef = 646730622E49F39100C57573 /* Extensions.swift */; };
		646730662E49FA8800C57573 /* WorkoutModels.swift in Sources */ = {isa = PBXBuildFile; fileRef = 646730652E49FA8800C57573 /* WorkoutModels.swift */; };
		646730692E49FAA700C57573 /* WorkoutsViewModel.swift in Sources */ = {isa = PBXBuildFile; fileRef = 646730682E49FAA700C57573 /* WorkoutsViewModel.swift */; };
		6467306B2E49FAB600C57573 /* MainView.swift in Sources */ = {isa = PBXBuildFile; fileRef = 6467306A2E49FAB600C57573 /* MainView.swift */; };
		6467306D2E49FAC800C57573 /* WorkoutsView.swift in Sources */ = {isa = PBXBuildFile; fileRef = 6467306C2E49FAC800C57573 /* WorkoutsView.swift */; };
		6467306F2E49FAD500C57573 /* AddWorkoutOverlayView.swift in Sources */ = {isa = PBXBuildFile; fileRef = 6467306E2E49FAD500C57573 /* AddWorkoutOverlayView.swift */; };
		646730732E4A00D300C57573 /* MeasurementsViewModel.swift in Sources */ = {isa = PBXBuildFile; fileRef = 646730722E4A00D300C57573 /* MeasurementsViewModel.swift */; };
		646730752E4A00E000C57573 /* MeasurementsView.swift in Sources */ = {isa = PBXBuildFile; fileRef = 646730742E4A00E000C57573 /* MeasurementsView.swift */; };
		646730782E4A04BE00C57573 /* NotesViewModel.swift in Sources */ = {isa = PBXBuildFile; fileRef = 646730772E4A04BE00C57573 /* NotesViewModel.swift */; };
		6467307A2E4A04CD00C57573 /* NotesView.swift in Sources */ = {isa = PBXBuildFile; fileRef = 646730792E4A04CD00C57573 /* NotesView.swift */; };
		6467307D2E4A071500C57573 /* SettingsViewModel.swift in Sources */ = {isa = PBXBuildFile; fileRef = 6467307C2E4A071500C57573 /* SettingsViewModel.swift */; };
		6467307F2E4A072200C57573 /* SettingsView.swift in Sources */ = {isa = PBXBuildFile; fileRef = 6467307E2E4A072200C57573 /* SettingsView.swift */; };
		646730822E4A090600C57573 /* ProgressViewModel.swift in Sources */ = {isa = PBXBuildFile; fileRef = 646730812E4A090600C57573 /* ProgressViewModel.swift */; };
		646730842E4A091600C57573 /* ProgressView.swift in Sources */ = {isa = PBXBuildFile; fileRef = 646730832E4A091600C57573 /* ProgressView.swift */; };
		6467308B2E4A125C00C57573 /* Onboarding.swift in Sources */ = {isa = PBXBuildFile; fileRef = 6467308A2E4A125C00C57573 /* Onboarding.swift */; };
		64E9362D2E55FE51002B1A9E /* FlagsmithClient in Frameworks */ = {isa = PBXBuildFile; productRef = 64E9362C2E55FE51002B1A9E /* FlagsmithClient */; };
		64E936302E55FE5B002B1A9E /* SdkPushExpress in Frameworks */ = {isa = PBXBuildFile; productRef = 64E9362F2E55FE5B002B1A9E /* SdkPushExpress */; };
		64E9363C2E55FE7B002B1A9E /* notificationsvc.appex in Embed Foundation Extensions */ = {isa = PBXBuildFile; fileRef = 64E936352E55FE7B002B1A9E /* notificationsvc.appex */; settings = {ATTRIBUTES = (RemoveHeadersOnCopy, ); }; };
		64E936442E55FE8A002B1A9E /* SdkPushExpress in Frameworks */ = {isa = PBXBuildFile; productRef = 64E936432E55FE8A002B1A9E /* SdkPushExpress */; };
		64E936482E55FE97002B1A9E /* NotificationService.swift in Sources */ = {isa = PBXBuildFile; fileRef = 64E936462E55FE97002B1A9E /* NotificationService.swift */; };
/* End PBXBuildFile section */

/* Begin PBXContainerItemProxy section */
		64E9363A2E55FE7B002B1A9E /* PBXContainerItemProxy */ = {
			isa = PBXContainerItemProxy;
			containerPortal = 6467302E2E49F12900C57573 /* Project object */;
			proxyType = 1;
			remoteGlobalIDString = 64E936342E55FE7B002B1A9E;
			remoteInfo = notificationsvc;
		};
/* End PBXContainerItemProxy section */

/* Begin PBXCopyFilesBuildPhase section */
		64E936412E55FE7B002B1A9E /* Embed Foundation Extensions */ = {
			isa = PBXCopyFilesBuildPhase;
			buildActionMask = 2147483647;
			dstPath = "";
			dstSubfolderSpec = 13;
			files = (
				64E9363C2E55FE7B002B1A9E /* notificationsvc.appex in Embed Foundation Extensions */,
			);
			name = "Embed Foundation Extensions";
			runOnlyForDeploymentPostprocessing = 0;
		};
/* End PBXCopyFilesBuildPhase section */

/* Begin PBXFileReference section */
		646730362E49F12900C57573 /* SportAPP.app */ = {isa = PBXFileReference; explicitFileType = wrapper.application; includeInIndex = 0; path = SportAPP.app; sourceTree = BUILT_PRODUCTS_DIR; };
		6467304E2E49F13600C57573 /* AppDelegate.swift */ = {isa = PBXFileReference; lastKnownFileType = sourcecode.swift; path = AppDelegate.swift; sourceTree = "<group>"; };
		6467304F2E49F13600C57573 /* Assets.xcassets */ = {isa = PBXFileReference; lastKnownFileType = folder.assetcatalog; path = Assets.xcassets; sourceTree = "<group>"; };
		646730502E49F13600C57573 /* Info.plist */ = {isa = PBXFileReference; lastKnownFileType = text.plist.xml; path = Info.plist; sourceTree = "<group>"; };
		646730512E49F13600C57573 /* Base */ = {isa = PBXFileReference; lastKnownFileType = file.storyboard; name = Base; path = Base.lproj/LaunchScreen.storyboard; sourceTree = "<group>"; };
		646730532E49F13600C57573 /* Base */ = {isa = PBXFileReference; lastKnownFileType = file.storyboard; name = Base; path = Base.lproj/Main.storyboard; sourceTree = "<group>"; };
		646730552E49F13600C57573 /* SceneDelegate.swift */ = {isa = PBXFileReference; lastKnownFileType = sourcecode.swift; path = SceneDelegate.swift; sourceTree = "<group>"; };
		646730562E49F13600C57573 /* ViewController.swift */ = {isa = PBXFileReference; lastKnownFileType = sourcecode.swift; path = ViewController.swift; sourceTree = "<group>"; };
		646730622E49F39100C57573 /* Extensions.swift */ = {isa = PBXFileReference; lastKnownFileType = sourcecode.swift; path = Extensions.swift; sourceTree = "<group>"; };
		646730652E49FA8800C57573 /* WorkoutModels.swift */ = {isa = PBXFileReference; lastKnownFileType = sourcecode.swift; path = WorkoutModels.swift; sourceTree = "<group>"; };
		646730682E49FAA700C57573 /* WorkoutsViewModel.swift */ = {isa = PBXFileReference; lastKnownFileType = sourcecode.swift; path = WorkoutsViewModel.swift; sourceTree = "<group>"; };
		6467306A2E49FAB600C57573 /* MainView.swift */ = {isa = PBXFileReference; lastKnownFileType = sourcecode.swift; path = MainView.swift; sourceTree = "<group>"; };
		6467306C2E49FAC800C57573 /* WorkoutsView.swift */ = {isa = PBXFileReference; lastKnownFileType = sourcecode.swift; path = WorkoutsView.swift; sourceTree = "<group>"; };
		6467306E2E49FAD500C57573 /* AddWorkoutOverlayView.swift */ = {isa = PBXFileReference; lastKnownFileType = sourcecode.swift; path = AddWorkoutOverlayView.swift; sourceTree = "<group>"; };
		646730722E4A00D300C57573 /* MeasurementsViewModel.swift */ = {isa = PBXFileReference; lastKnownFileType = sourcecode.swift; path = MeasurementsViewModel.swift; sourceTree = "<group>"; };
		646730742E4A00E000C57573 /* MeasurementsView.swift */ = {isa = PBXFileReference; lastKnownFileType = sourcecode.swift; path = MeasurementsView.swift; sourceTree = "<group>"; };
		646730772E4A04BE00C57573 /* NotesViewModel.swift */ = {isa = PBXFileReference; lastKnownFileType = sourcecode.swift; path = NotesViewModel.swift; sourceTree = "<group>"; };
		646730792E4A04CD00C57573 /* NotesView.swift */ = {isa = PBXFileReference; lastKnownFileType = sourcecode.swift; path = NotesView.swift; sourceTree = "<group>"; };
		6467307C2E4A071500C57573 /* SettingsViewModel.swift */ = {isa = PBXFileReference; lastKnownFileType = sourcecode.swift; path = SettingsViewModel.swift; sourceTree = "<group>"; };
		6467307E2E4A072200C57573 /* SettingsView.swift */ = {isa = PBXFileReference; lastKnownFileType = sourcecode.swift; path = SettingsView.swift; sourceTree = "<group>"; };
		646730812E4A090600C57573 /* ProgressViewModel.swift */ = {isa = PBXFileReference; lastKnownFileType = sourcecode.swift; path = ProgressViewModel.swift; sourceTree = "<group>"; };
		646730832E4A091600C57573 /* ProgressView.swift */ = {isa = PBXFileReference; lastKnownFileType = sourcecode.swift; path = ProgressView.swift; sourceTree = "<group>"; };
		6467308A2E4A125C00C57573 /* Onboarding.swift */ = {isa = PBXFileReference; lastKnownFileType = sourcecode.swift; path = Onboarding.swift; sourceTree = "<group>"; };
		64E936352E55FE7B002B1A9E /* notificationsvc.appex */ = {isa = PBXFileReference; explicitFileType = "wrapper.app-extension"; includeInIndex = 0; path = notificationsvc.appex; sourceTree = BUILT_PRODUCTS_DIR; };
		64E936452E55FE97002B1A9E /* Info.plist */ = {isa = PBXFileReference; lastKnownFileType = text.plist.xml; path = Info.plist; sourceTree = "<group>"; };
		64E936462E55FE97002B1A9E /* NotificationService.swift */ = {isa = PBXFileReference; lastKnownFileType = sourcecode.swift; path = NotificationService.swift; sourceTree = "<group>"; };
		64E9364A2E55FEA3002B1A9E /* notificationsvc.entitlements */ = {isa = PBXFileReference; lastKnownFileType = text.plist.entitlements; path = notificationsvc.entitlements; sourceTree = "<group>"; };
		64E9364B2E55FEAB002B1A9E /* SportAPP.entitlements */ = {isa = PBXFileReference; lastKnownFileType = text.plist.entitlements; path = SportAPP.entitlements; sourceTree = "<group>"; };
/* End PBXFileReference section */

/* Begin PBXFrameworksBuildPhase section */
		646730332E49F12900C57573 /* Frameworks */ = {
			isa = PBXFrameworksBuildPhase;
			buildActionMask = 2147483647;
			files = (
				64E936302E55FE5B002B1A9E /* SdkPushExpress in Frameworks */,
				64E9362D2E55FE51002B1A9E /* FlagsmithClient in Frameworks */,
			);
			runOnlyForDeploymentPostprocessing = 0;
		};
		64E936322E55FE7B002B1A9E /* Frameworks */ = {
			isa = PBXFrameworksBuildPhase;
			buildActionMask = 2147483647;
			files = (
				64E936442E55FE8A002B1A9E /* SdkPushExpress in Frameworks */,
			);
			runOnlyForDeploymentPostprocessing = 0;
		};
/* End PBXFrameworksBuildPhase section */

/* Begin PBXGroup section */
		6467302D2E49F12900C57573 = {
			isa = PBXGroup;
			children = (
				646730572E49F13600C57573 /* SportAPP */,
				64E936472E55FE97002B1A9E /* notificationsvc */,
				64E936422E55FE8A002B1A9E /* Frameworks */,
				646730372E49F12900C57573 /* Products */,
			);
			sourceTree = "<group>";
		};
		646730372E49F12900C57573 /* Products */ = {
			isa = PBXGroup;
			children = (
				646730362E49F12900C57573 /* SportAPP.app */,
				64E936352E55FE7B002B1A9E /* notificationsvc.appex */,
			);
			name = Products;
			sourceTree = "<group>";
		};
		646730572E49F13600C57573 /* SportAPP */ = {
			isa = PBXGroup;
			children = (
				64E9364B2E55FEAB002B1A9E /* SportAPP.entitlements */,
				646730602E49F14500C57573 /* APP */,
				6467305F2E49F14000C57573 /* Init */,
				6467304F2E49F13600C57573 /* Assets.xcassets */,
				646730502E49F13600C57573 /* Info.plist */,
				646730522E49F13600C57573 /* LaunchScreen.storyboard */,
				646730542E49F13600C57573 /* Main.storyboard */,
			);
			path = SportAPP;
			sourceTree = "<group>";
		};
		6467305F2E49F14000C57573 /* Init */ = {
			isa = PBXGroup;
			children = (
				6467304E2E49F13600C57573 /* AppDelegate.swift */,
				646730552E49F13600C57573 /* SceneDelegate.swift */,
				646730562E49F13600C57573 /* ViewController.swift */,
			);
			path = Init;
			sourceTree = "<group>";
		};
		646730602E49F14500C57573 /* APP */ = {
			isa = PBXGroup;
			children = (
				646730892E4A124400C57573 /* Onboarding */,
				646730802E4A08DF00C57573 /* Progress */,
				6467307B2E4A06FA00C57573 /* Settings */,
				646730762E4A04B900C57573 /* Notes */,
				646730712E4A00CC00C57573 /* Measurements */,
				646730702E49FD5A00C57573 /* Tab */,
				646730672E49FAA100C57573 /* Workouts */,
				646730642E49FA7D00C57573 /* Model */,
				646730612E49F38800C57573 /* Components */,
			);
			path = APP;
			sourceTree = "<group>";
		};
		646730612E49F38800C57573 /* Components */ = {
			isa = PBXGroup;
			children = (
				646730622E49F39100C57573 /* Extensions.swift */,
			);
			path = Components;
			sourceTree = "<group>";
		};
		646730642E49FA7D00C57573 /* Model */ = {
			isa = PBXGroup;
			children = (
				646730652E49FA8800C57573 /* WorkoutModels.swift */,
			);
			path = Model;
			sourceTree = "<group>";
		};
		646730672E49FAA100C57573 /* Workouts */ = {
			isa = PBXGroup;
			children = (
				646730682E49FAA700C57573 /* WorkoutsViewModel.swift */,
				6467306C2E49FAC800C57573 /* WorkoutsView.swift */,
				6467306E2E49FAD500C57573 /* AddWorkoutOverlayView.swift */,
			);
			path = Workouts;
			sourceTree = "<group>";
		};
		646730702E49FD5A00C57573 /* Tab */ = {
			isa = PBXGroup;
			children = (
				6467306A2E49FAB600C57573 /* MainView.swift */,
			);
			path = Tab;
			sourceTree = "<group>";
		};
		646730712E4A00CC00C57573 /* Measurements */ = {
			isa = PBXGroup;
			children = (
				646730722E4A00D300C57573 /* MeasurementsViewModel.swift */,
				646730742E4A00E000C57573 /* MeasurementsView.swift */,
			);
			path = Measurements;
			sourceTree = "<group>";
		};
		646730762E4A04B900C57573 /* Notes */ = {
			isa = PBXGroup;
			children = (
				646730772E4A04BE00C57573 /* NotesViewModel.swift */,
				646730792E4A04CD00C57573 /* NotesView.swift */,
			);
			path = Notes;
			sourceTree = "<group>";
		};
		6467307B2E4A06FA00C57573 /* Settings */ = {
			isa = PBXGroup;
			children = (
				6467307C2E4A071500C57573 /* SettingsViewModel.swift */,
				6467307E2E4A072200C57573 /* SettingsView.swift */,
			);
			path = Settings;
			sourceTree = "<group>";
		};
		646730802E4A08DF00C57573 /* Progress */ = {
			isa = PBXGroup;
			children = (
				646730812E4A090600C57573 /* ProgressViewModel.swift */,
				646730832E4A091600C57573 /* ProgressView.swift */,
			);
			path = Progress;
			sourceTree = "<group>";
		};
		646730892E4A124400C57573 /* Onboarding */ = {
			isa = PBXGroup;
			children = (
				6467308A2E4A125C00C57573 /* Onboarding.swift */,
			);
			path = Onboarding;
			sourceTree = "<group>";
		};
		64E936422E55FE8A002B1A9E /* Frameworks */ = {
			isa = PBXGroup;
			children = (
			);
			name = Frameworks;
			sourceTree = "<group>";
		};
		64E936472E55FE97002B1A9E /* notificationsvc */ = {
			isa = PBXGroup;
			children = (
				64E9364A2E55FEA3002B1A9E /* notificationsvc.entitlements */,
				64E936452E55FE97002B1A9E /* Info.plist */,
				64E936462E55FE97002B1A9E /* NotificationService.swift */,
			);
			path = notificationsvc;
			sourceTree = "<group>";
		};
/* End PBXGroup section */

/* Begin PBXNativeTarget section */
		646730352E49F12900C57573 /* SportAPP */ = {
			isa = PBXNativeTarget;
			buildConfigurationList = 646730492E49F12B00C57573 /* Build configuration list for PBXNativeTarget "SportAPP" */;
			buildPhases = (
				646730322E49F12900C57573 /* Sources */,
				646730332E49F12900C57573 /* Frameworks */,
				646730342E49F12900C57573 /* Resources */,
				64E936412E55FE7B002B1A9E /* Embed Foundation Extensions */,
			);
			buildRules = (
			);
			dependencies = (
				64E9363B2E55FE7B002B1A9E /* PBXTargetDependency */,
			);
			name = SportAPP;
			packageProductDependencies = (
				64E9362C2E55FE51002B1A9E /* FlagsmithClient */,
				64E9362F2E55FE5B002B1A9E /* SdkPushExpress */,
			);
			productName = SportAPP;
			productReference = 646730362E49F12900C57573 /* SportAPP.app */;
			productType = "com.apple.product-type.application";
		};
		64E936342E55FE7B002B1A9E /* notificationsvc */ = {
			isa = PBXNativeTarget;
			buildConfigurationList = 64E9363E2E55FE7B002B1A9E /* Build configuration list for PBXNativeTarget "notificationsvc" */;
			buildPhases = (
				64E936312E55FE7B002B1A9E /* Sources */,
				64E936322E55FE7B002B1A9E /* Frameworks */,
				64E936332E55FE7B002B1A9E /* Resources */,
			);
			buildRules = (
			);
			dependencies = (
			);
			name = notificationsvc;
			packageProductDependencies = (
				64E936432E55FE8A002B1A9E /* SdkPushExpress */,
			);
			productName = notificationsvc;
			productReference = 64E936352E55FE7B002B1A9E /* notificationsvc.appex */;
			productType = "com.apple.product-type.app-extension";
		};
/* End PBXNativeTarget section */

/* Begin PBXProject section */
		6467302E2E49F12900C57573 /* Project object */ = {
			isa = PBXProject;
			attributes = {
				BuildIndependentTargetsInParallel = 1;
				LastSwiftUpdateCheck = 1630;
				LastUpgradeCheck = 1630;
				TargetAttributes = {
					646730352E49F12900C57573 = {
						CreatedOnToolsVersion = 16.3;
					};
					64E936342E55FE7B002B1A9E = {
						CreatedOnToolsVersion = 16.3;
					};
				};
			};
			buildConfigurationList = 646730312E49F12900C57573 /* Build configuration list for PBXProject "SportAPP" */;
			developmentRegion = en;
			hasScannedForEncodings = 0;
			knownRegions = (
				en,
				Base,
			);
			mainGroup = 6467302D2E49F12900C57573;
			minimizedProjectReferenceProxies = 1;
			packageReferences = (
				64E9362B2E55FE51002B1A9E /* XCRemoteSwiftPackageReference "flagsmith-ios-client" */,
				64E9362E2E55FE5B002B1A9E /* XCRemoteSwiftPackageReference "pushexpress-swift-sdk" */,
			);
			preferredProjectObjectVersion = 77;
			productRefGroup = 646730372E49F12900C57573 /* Products */;
			projectDirPath = "";
			projectRoot = "";
			targets = (
				646730352E49F12900C57573 /* SportAPP */,
				64E936342E55FE7B002B1A9E /* notificationsvc */,
			);
		};
/* End PBXProject section */

/* Begin PBXResourcesBuildPhase section */
		646730342E49F12900C57573 /* Resources */ = {
			isa = PBXResourcesBuildPhase;
			buildActionMask = 2147483647;
			files = (
				6467305B2E49F13600C57573 /* Assets.xcassets in Resources */,
				6467305D2E49F13600C57573 /* LaunchScreen.storyboard in Resources */,
				6467305E2E49F13600C57573 /* Main.storyboard in Resources */,
			);
			runOnlyForDeploymentPostprocessing = 0;
		};
		64E936332E55FE7B002B1A9E /* Resources */ = {
			isa = PBXResourcesBuildPhase;
			buildActionMask = 2147483647;
			files = (
			);
			runOnlyForDeploymentPostprocessing = 0;
		};
/* End PBXResourcesBuildPhase section */

/* Begin PBXSourcesBuildPhase section */
		646730322E49F12900C57573 /* Sources */ = {
			isa = PBXSourcesBuildPhase;
			buildActionMask = 2147483647;
			files = (
				6467308B2E4A125C00C57573 /* Onboarding.swift in Sources */,
				6467307F2E4A072200C57573 /* SettingsView.swift in Sources */,
				646730582E49F13600C57573 /* AppDelegate.swift in Sources */,
				6467306F2E49FAD500C57573 /* AddWorkoutOverlayView.swift in Sources */,
				646730822E4A090600C57573 /* ProgressViewModel.swift in Sources */,
				6467306B2E49FAB600C57573 /* MainView.swift in Sources */,
				646730752E4A00E000C57573 /* MeasurementsView.swift in Sources */,
				646730842E4A091600C57573 /* ProgressView.swift in Sources */,
				646730732E4A00D300C57573 /* MeasurementsViewModel.swift in Sources */,
				646730662E49FA8800C57573 /* WorkoutModels.swift in Sources */,
				646730692E49FAA700C57573 /* WorkoutsViewModel.swift in Sources */,
				646730592E49F13600C57573 /* SceneDelegate.swift in Sources */,
				646730782E4A04BE00C57573 /* NotesViewModel.swift in Sources */,
				6467307A2E4A04CD00C57573 /* NotesView.swift in Sources */,
				6467305A2E49F13600C57573 /* ViewController.swift in Sources */,
				6467306D2E49FAC800C57573 /* WorkoutsView.swift in Sources */,
				646730632E49F39100C57573 /* Extensions.swift in Sources */,
				6467307D2E4A071500C57573 /* SettingsViewModel.swift in Sources */,
			);
			runOnlyForDeploymentPostprocessing = 0;
		};
		64E936312E55FE7B002B1A9E /* Sources */ = {
			isa = PBXSourcesBuildPhase;
			buildActionMask = 2147483647;
			files = (
				64E936482E55FE97002B1A9E /* NotificationService.swift in Sources */,
			);
			runOnlyForDeploymentPostprocessing = 0;
		};
/* End PBXSourcesBuildPhase section */

/* Begin PBXTargetDependency section */
		64E9363B2E55FE7B002B1A9E /* PBXTargetDependency */ = {
			isa = PBXTargetDependency;
			target = 64E936342E55FE7B002B1A9E /* notificationsvc */;
			targetProxy = 64E9363A2E55FE7B002B1A9E /* PBXContainerItemProxy */;
		};
/* End PBXTargetDependency section */

/* Begin PBXVariantGroup section */
		646730522E49F13600C57573 /* LaunchScreen.storyboard */ = {
			isa = PBXVariantGroup;
			children = (
				646730512E49F13600C57573 /* Base */,
			);
			name = LaunchScreen.storyboard;
			sourceTree = "<group>";
		};
		646730542E49F13600C57573 /* Main.storyboard */ = {
			isa = PBXVariantGroup;
			children = (
				646730532E49F13600C57573 /* Base */,
			);
			name = Main.storyboard;
			sourceTree = "<group>";
		};
/* End PBXVariantGroup section */

/* Begin XCBuildConfiguration section */
		6467304A2E49F12B00C57573 /* Debug */ = {
			isa = XCBuildConfiguration;
			buildSettings = {
				ASSETCATALOG_COMPILER_APPICON_NAME = AppIcon;
				ASSETCATALOG_COMPILER_GLOBAL_ACCENT_COLOR_NAME = AccentColor;
				CODE_SIGN_ENTITLEMENTS = SportAPP/SportAPP.entitlements;
				CODE_SIGN_STYLE = Manual;
				CURRENT_PROJECT_VERSION = 1;
				DEVELOPMENT_TEAM = "";
				GENERATE_INFOPLIST_FILE = YES;
				INFOPLIST_FILE = SportAPP/Info.plist;
				INFOPLIST_KEY_CFBundleDisplayName = SportyBetter;
				INFOPLIST_KEY_NSCameraUsageDescription = "The app needs access to your camera so you can save your progress.";
				INFOPLIST_KEY_UIApplicationSupportsIndirectInputEvents = YES;
				INFOPLIST_KEY_UILaunchStoryboardName = LaunchScreen;
				INFOPLIST_KEY_UIMainStoryboardFile = Main;
				INFOPLIST_KEY_UISupportedInterfaceOrientations = "UIInterfaceOrientationLandscapeLeft UIInterfaceOrientationLandscapeRight UIInterfaceOrientationPortrait";
				INFOPLIST_KEY_UISupportedInterfaceOrientations_iPad = "UIInterfaceOrientationLandscapeLeft UIInterfaceOrientationLandscapeRight UIInterfaceOrientationPortrait UIInterfaceOrientationPortraitUpsideDown";
				IPHONEOS_DEPLOYMENT_TARGET = 16;
				LD_RUNPATH_SEARCH_PATHS = (
					"$(inherited)",
					"@executable_path/Frameworks",
				);
				MARKETING_VERSION = 1.0.2;
				PRODUCT_BUNDLE_IDENTIFIER = com.sportbetterapp;
				PRODUCT_NAME = "$(TARGET_NAME)";
				PROVISIONING_PROFILE_SPECIFIER = "";
				SUPPORTED_PLATFORMS = "iphoneos iphonesimulator";
				SUPPORTS_MACCATALYST = NO;
				SUPPORTS_MAC_DESIGNED_FOR_IPHONE_IPAD = NO;
				SUPPORTS_XR_DESIGNED_FOR_IPHONE_IPAD = NO;
				SWIFT_EMIT_LOC_STRINGS = YES;
				SWIFT_VERSION = 5.0;
				TARGETED_DEVICE_FAMILY = 1;
			};
			name = Debug;
		};
		6467304B2E49F12B00C57573 /* Release */ = {
			isa = XCBuildConfiguration;
			buildSettings = {
				ASSETCATALOG_COMPILER_APPICON_NAME = AppIcon;
				ASSETCATALOG_COMPILER_GLOBAL_ACCENT_COLOR_NAME = AccentColor;
				CODE_SIGN_ENTITLEMENTS = SportAPP/SportAPP.entitlements;
				CODE_SIGN_STYLE = Manual;
				CURRENT_PROJECT_VERSION = 1;
				DEVELOPMENT_TEAM = "";
				GENERATE_INFOPLIST_FILE = YES;
				INFOPLIST_FILE = SportAPP/Info.plist;
				INFOPLIST_KEY_CFBundleDisplayName = SportyBetter;
				INFOPLIST_KEY_NSCameraUsageDescription = "The app needs access to your camera so you can save your progress.";
				INFOPLIST_KEY_UIApplicationSupportsIndirectInputEvents = YES;
				INFOPLIST_KEY_UILaunchStoryboardName = LaunchScreen;
				INFOPLIST_KEY_UIMainStoryboardFile = Main;
				INFOPLIST_KEY_UISupportedInterfaceOrientations = "UIInterfaceOrientationLandscapeLeft UIInterfaceOrientationLandscapeRight UIInterfaceOrientationPortrait";
				INFOPLIST_KEY_UISupportedInterfaceOrientations_iPad = "UIInterfaceOrientationLandscapeLeft UIInterfaceOrientationLandscapeRight UIInterfaceOrientationPortrait UIInterfaceOrientationPortraitUpsideDown";
				IPHONEOS_DEPLOYMENT_TARGET = 16;
				LD_RUNPATH_SEARCH_PATHS = (
					"$(inherited)",
					"@executable_path/Frameworks",
				);
				MARKETING_VERSION = 1.0.2;
				PRODUCT_BUNDLE_IDENTIFIER = com.sportbetterapp;
				PRODUCT_NAME = "$(TARGET_NAME)";
				PROVISIONING_PROFILE_SPECIFIER = "";
				SUPPORTED_PLATFORMS = "iphoneos iphonesimulator";
				SUPPORTS_MACCATALYST = NO;
				SUPPORTS_MAC_DESIGNED_FOR_IPHONE_IPAD = NO;
				SUPPORTS_XR_DESIGNED_FOR_IPHONE_IPAD = NO;
				SWIFT_EMIT_LOC_STRINGS = YES;
				SWIFT_VERSION = 5.0;
				TARGETED_DEVICE_FAMILY = 1;
			};
			name = Release;
		};
		6467304C2E49F12B00C57573 /* Debug */ = {
			isa = XCBuildConfiguration;
			buildSettings = {
				ALWAYS_SEARCH_USER_PATHS = NO;
				ASSETCATALOG_COMPILER_GENERATE_SWIFT_ASSET_SYMBOL_EXTENSIONS = YES;
				CLANG_ANALYZER_NONNULL = YES;
				CLANG_ANALYZER_NUMBER_OBJECT_CONVERSION = YES_AGGRESSIVE;
				CLANG_CXX_LANGUAGE_STANDARD = "gnu++20";
				CLANG_ENABLE_MODULES = YES;
				CLANG_ENABLE_OBJC_ARC = YES;
				CLANG_ENABLE_OBJC_WEAK = YES;
				CLANG_WARN_BLOCK_CAPTURE_AUTORELEASING = YES;
				CLANG_WARN_BOOL_CONVERSION = YES;
				CLANG_WARN_COMMA = YES;
				CLANG_WARN_CONSTANT_CONVERSION = YES;
				CLANG_WARN_DEPRECATED_OBJC_IMPLEMENTATIONS = YES;
				CLANG_WARN_DIRECT_OBJC_ISA_USAGE = YES_ERROR;
				CLANG_WARN_DOCUMENTATION_COMMENTS = YES;
				CLANG_WARN_EMPTY_BODY = YES;
				CLANG_WARN_ENUM_CONVERSION = YES;
				CLANG_WARN_INFINITE_RECURSION = YES;
				CLANG_WARN_INT_CONVERSION = YES;
				CLANG_WARN_NON_LITERAL_NULL_CONVERSION = YES;
				CLANG_WARN_OBJC_IMPLICIT_RETAIN_SELF = YES;
				CLANG_WARN_OBJC_LITERAL_CONVERSION = YES;
				CLANG_WARN_OBJC_ROOT_CLASS = YES_ERROR;
				CLANG_WARN_QUOTED_INCLUDE_IN_FRAMEWORK_HEADER = YES;
				CLANG_WARN_RANGE_LOOP_ANALYSIS = YES;
				CLANG_WARN_STRICT_PROTOTYPES = YES;
				CLANG_WARN_SUSPICIOUS_MOVE = YES;
				CLANG_WARN_UNGUARDED_AVAILABILITY = YES_AGGRESSIVE;
				CLANG_WARN_UNREACHABLE_CODE = YES;
				CLANG_WARN__DUPLICATE_METHOD_MATCH = YES;
				COPY_PHASE_STRIP = NO;
				DEBUG_INFORMATION_FORMAT = dwarf;
				ENABLE_STRICT_OBJC_MSGSEND = YES;
				ENABLE_TESTABILITY = YES;
				ENABLE_USER_SCRIPT_SANDBOXING = YES;
				GCC_C_LANGUAGE_STANDARD = gnu17;
				GCC_DYNAMIC_NO_PIC = NO;
				GCC_NO_COMMON_BLOCKS = YES;
				GCC_OPTIMIZATION_LEVEL = 0;
				GCC_PREPROCESSOR_DEFINITIONS = (
					"DEBUG=1",
					"$(inherited)",
				);
				GCC_WARN_64_TO_32_BIT_CONVERSION = YES;
				GCC_WARN_ABOUT_RETURN_TYPE = YES_ERROR;
				GCC_WARN_UNDECLARED_SELECTOR = YES;
				GCC_WARN_UNINITIALIZED_AUTOS = YES_AGGRESSIVE;
				GCC_WARN_UNUSED_FUNCTION = YES;
				GCC_WARN_UNUSED_VARIABLE = YES;
				IPHONEOS_DEPLOYMENT_TARGET = 18.4;
				LOCALIZATION_PREFERS_STRING_CATALOGS = YES;
				MTL_ENABLE_DEBUG_INFO = INCLUDE_SOURCE;
				MTL_FAST_MATH = YES;
				ONLY_ACTIVE_ARCH = YES;
				SDKROOT = iphoneos;
				SWIFT_ACTIVE_COMPILATION_CONDITIONS = "DEBUG $(inherited)";
				SWIFT_OPTIMIZATION_LEVEL = "-Onone";
			};
			name = Debug;
		};
		6467304D2E49F12B00C57573 /* Release */ = {
			isa = XCBuildConfiguration;
			buildSettings = {
				ALWAYS_SEARCH_USER_PATHS = NO;
				ASSETCATALOG_COMPILER_GENERATE_SWIFT_ASSET_SYMBOL_EXTENSIONS = YES;
				CLANG_ANALYZER_NONNULL = YES;
				CLANG_ANALYZER_NUMBER_OBJECT_CONVERSION = YES_AGGRESSIVE;
				CLANG_CXX_LANGUAGE_STANDARD = "gnu++20";
				CLANG_ENABLE_MODULES = YES;
				CLANG_ENABLE_OBJC_ARC = YES;
				CLANG_ENABLE_OBJC_WEAK = YES;
				CLANG_WARN_BLOCK_CAPTURE_AUTORELEASING = YES;
				CLANG_WARN_BOOL_CONVERSION = YES;
				CLANG_WARN_COMMA = YES;
				CLANG_WARN_CONSTANT_CONVERSION = YES;
				CLANG_WARN_DEPRECATED_OBJC_IMPLEMENTATIONS = YES;
				CLANG_WARN_DIRECT_OBJC_ISA_USAGE = YES_ERROR;
				CLANG_WARN_DOCUMENTATION_COMMENTS = YES;
				CLANG_WARN_EMPTY_BODY = YES;
				CLANG_WARN_ENUM_CONVERSION = YES;
				CLANG_WARN_INFINITE_RECURSION = YES;
				CLANG_WARN_INT_CONVERSION = YES;
				CLANG_WARN_NON_LITERAL_NULL_CONVERSION = YES;
				CLANG_WARN_OBJC_IMPLICIT_RETAIN_SELF = YES;
				CLANG_WARN_OBJC_LITERAL_CONVERSION = YES;
				CLANG_WARN_OBJC_ROOT_CLASS = YES_ERROR;
				CLANG_WARN_QUOTED_INCLUDE_IN_FRAMEWORK_HEADER = YES;
				CLANG_WARN_RANGE_LOOP_ANALYSIS = YES;
				CLANG_WARN_STRICT_PROTOTYPES = YES;
				CLANG_WARN_SUSPICIOUS_MOVE = YES;
				CLANG_WARN_UNGUARDED_AVAILABILITY = YES_AGGRESSIVE;
				CLANG_WARN_UNREACHABLE_CODE = YES;
				CLANG_WARN__DUPLICATE_METHOD_MATCH = YES;
				COPY_PHASE_STRIP = NO;
				DEBUG_INFORMATION_FORMAT = "dwarf-with-dsym";
				ENABLE_NS_ASSERTIONS = NO;
				ENABLE_STRICT_OBJC_MSGSEND = YES;
				ENABLE_USER_SCRIPT_SANDBOXING = YES;
				GCC_C_LANGUAGE_STANDARD = gnu17;
				GCC_NO_COMMON_BLOCKS = YES;
				GCC_WARN_64_TO_32_BIT_CONVERSION = YES;
				GCC_WARN_ABOUT_RETURN_TYPE = YES_ERROR;
				GCC_WARN_UNDECLARED_SELECTOR = YES;
				GCC_WARN_UNINITIALIZED_AUTOS = YES_AGGRESSIVE;
				GCC_WARN_UNUSED_FUNCTION = YES;
				GCC_WARN_UNUSED_VARIABLE = YES;
				IPHONEOS_DEPLOYMENT_TARGET = 18.4;
				LOCALIZATION_PREFERS_STRING_CATALOGS = YES;
				MTL_ENABLE_DEBUG_INFO = NO;
				MTL_FAST_MATH = YES;
				SDKROOT = iphoneos;
				SWIFT_COMPILATION_MODE = wholemodule;
				VALIDATE_PRODUCT = YES;
			};
			name = Release;
		};
		64E9363F2E55FE7B002B1A9E /* Debug */ = {
			isa = XCBuildConfiguration;
			buildSettings = {
				CODE_SIGN_ENTITLEMENTS = notificationsvc/notificationsvc.entitlements;
				CODE_SIGN_STYLE = Manual;
				CURRENT_PROJECT_VERSION = 1;
				DEVELOPMENT_TEAM = "";
				GENERATE_INFOPLIST_FILE = YES;
				INFOPLIST_FILE = notificationsvc/Info.plist;
				INFOPLIST_KEY_CFBundleDisplayName = notificationsvc;
				INFOPLIST_KEY_NSHumanReadableCopyright = "";
				IPHONEOS_DEPLOYMENT_TARGET = 16.6;
				LD_RUNPATH_SEARCH_PATHS = (
					"$(inherited)",
					"@executable_path/Frameworks",
					"@executable_path/../../Frameworks",
				);
				MARKETING_VERSION = 1.0;
				PRODUCT_BUNDLE_IDENTIFIER = com.sportbetterapp.notificationsvc;
				PRODUCT_NAME = "$(TARGET_NAME)";
				PROVISIONING_PROFILE_SPECIFIER = "";
				SKIP_INSTALL = YES;
				SWIFT_EMIT_LOC_STRINGS = YES;
				SWIFT_VERSION = 5.0;
				TARGETED_DEVICE_FAMILY = "1,2";
			};
			name = Debug;
		};
		64E936402E55FE7B002B1A9E /* Release */ = {
			isa = XCBuildConfiguration;
			buildSettings = {
				CODE_SIGN_ENTITLEMENTS = notificationsvc/notificationsvc.entitlements;
				CODE_SIGN_STYLE = Manual;
				CURRENT_PROJECT_VERSION = 1;
				DEVELOPMENT_TEAM = "";
				GENERATE_INFOPLIST_FILE = YES;
				INFOPLIST_FILE = notificationsvc/Info.plist;
				INFOPLIST_KEY_CFBundleDisplayName = notificationsvc;
				INFOPLIST_KEY_NSHumanReadableCopyright = "";
				IPHONEOS_DEPLOYMENT_TARGET = 16.6;
				LD_RUNPATH_SEARCH_PATHS = (
					"$(inherited)",
					"@executable_path/Frameworks",
					"@executable_path/../../Frameworks",
				);
				MARKETING_VERSION = 1.0;
				PRODUCT_BUNDLE_IDENTIFIER = com.sportbetterapp.notificationsvc;
				PRODUCT_NAME = "$(TARGET_NAME)";
				PROVISIONING_PROFILE_SPECIFIER = "";
				SKIP_INSTALL = YES;
				SWIFT_EMIT_LOC_STRINGS = YES;
				SWIFT_VERSION = 5.0;
				TARGETED_DEVICE_FAMILY = "1,2";
			};
			name = Release;
		};
/* End XCBuildConfiguration section */

/* Begin XCConfigurationList section */
		646730312E49F12900C57573 /* Build configuration list for PBXProject "SportAPP" */ = {
			isa = XCConfigurationList;
			buildConfigurations = (
				6467304C2E49F12B00C57573 /* Debug */,
				6467304D2E49F12B00C57573 /* Release */,
			);
			defaultConfigurationIsVisible = 0;
			defaultConfigurationName = Release;
		};
		646730492E49F12B00C57573 /* Build configuration list for PBXNativeTarget "SportAPP" */ = {
			isa = XCConfigurationList;
			buildConfigurations = (
				6467304A2E49F12B00C57573 /* Debug */,
				6467304B2E49F12B00C57573 /* Release */,
			);
			defaultConfigurationIsVisible = 0;
			defaultConfigurationName = Release;
		};
		64E9363E2E55FE7B002B1A9E /* Build configuration list for PBXNativeTarget "notificationsvc" */ = {
			isa = XCConfigurationList;
			buildConfigurations = (
				64E9363F2E55FE7B002B1A9E /* Debug */,
				64E936402E55FE7B002B1A9E /* Release */,
			);
			defaultConfigurationIsVisible = 0;
			defaultConfigurationName = Release;
		};
/* End XCConfigurationList section */

/* Begin XCRemoteSwiftPackageReference section */
		64E9362B2E55FE51002B1A9E /* XCRemoteSwiftPackageReference "flagsmith-ios-client" */ = {
			isa = XCRemoteSwiftPackageReference;
			repositoryURL = "https://github.com/Flagsmith/flagsmith-ios-client.git";
			requirement = {
				kind = upToNextMajorVersion;
				minimumVersion = 3.8.1;
			};
		};
		64E9362E2E55FE5B002B1A9E /* XCRemoteSwiftPackageReference "pushexpress-swift-sdk" */ = {
			isa = XCRemoteSwiftPackageReference;
			repositoryURL = "https://github.com/pushexpress/pushexpress-swift-sdk";
			requirement = {
				branch = main;
				kind = branch;
			};
		};
/* End XCRemoteSwiftPackageReference section */

/* Begin XCSwiftPackageProductDependency section */
		64E9362C2E55FE51002B1A9E /* FlagsmithClient */ = {
			isa = XCSwiftPackageProductDependency;
			package = 64E9362B2E55FE51002B1A9E /* XCRemoteSwiftPackageReference "flagsmith-ios-client" */;
			productName = FlagsmithClient;
		};
		64E9362F2E55FE5B002B1A9E /* SdkPushExpress */ = {
			isa = XCSwiftPackageProductDependency;
			package = 64E9362E2E55FE5B002B1A9E /* XCRemoteSwiftPackageReference "pushexpress-swift-sdk" */;
			productName = SdkPushExpress;
		};
		64E936432E55FE8A002B1A9E /* SdkPushExpress */ = {
			isa = XCSwiftPackageProductDependency;
			package = 64E9362E2E55FE5B002B1A9E /* XCRemoteSwiftPackageReference "pushexpress-swift-sdk" */;
			productName = SdkPushExpress;
		};
/* End XCSwiftPackageProductDependency section */
	};
	rootObject = 6467302E2E49F12900C57573 /* Project object */;
}
